
Microsoft Visual Studio Solution File, Format Version 12.00
# Visual Studio Version 17
VisualStudioVersion = 17.10.35027.167
MinimumVisualStudioVersion = 10.0.40219.1
Project("{9A19103F-16F7-4668-BE54-9A1E7A4F7556}") = "StudentsAffairs", "StudentsAffairs\StudentsAffairs\StudentsAffairs.csproj", "{D8ED68F8-2217-45B4-A6A7-743EC8EB764B}"
EndProject
Project("{9A19103F-16F7-4668-BE54-9A1E7A4F7556}") = "StudentsAffairs.Client", "StudentsAffairs\StudentsAffairs.Client\StudentsAffairs.Client.csproj", "{B3737640-A88D-4297-A259-811E74C8C49D}"
EndProject
Project("{9A19103F-16F7-4668-BE54-9A1E7A4F7556}") = "StudentsAffairs.Server", "StudentsAffairs.Server\StudentsAffairs.Server.csproj", "{08787413-DC39-4573-A0A8-07790316D82C}"
EndProject
Project("{FAE04EC0-301F-11D3-BF4B-00C04F79EFBC}") = "Students", "Students\Students.csproj", "{01F1A3B4-5A96-4C22-A0C7-0554EA4C8942}"
EndProject
Project("{FAE04EC0-301F-11D3-BF4B-00C04F79EFBC}") = "Tutors", "Tutors\Tutors.csproj", "{73C7AFA7-D359-409A-B785-A37BB7AE823A}"
EndProject
Project("{FAE04EC0-301F-11D3-BF4B-00C04F79EFBC}") = "Admins", "Admins\Admins.csproj", "{4E5E8A55-163C-4AB3-A25B-D4EA9B28C5E8}"
EndProject
Project("{FAE04EC0-301F-11D3-BF4B-00C04F79EFBC}") = "Assignments", "Assignments\Assignments.csproj", "{44028B58-8F73-47B0-926B-1C5E6B3D93C8}"
EndProject
Project("{FAE04EC0-301F-11D3-BF4B-00C04F79EFBC}") = "Shared", "Shared\Shared.csproj", "{89E1AE5C-46FA-47BF-A015-F07C9024186A}"
EndProject
Project("{FAE04EC0-301F-11D3-BF4B-00C04F79EFBC}") = "Courses", "Courses\Courses.csproj", "{8B5704B9-BD4A-466F-984D-4785F85A885F}"
EndProject
Project("{FAE04EC0-301F-11D3-BF4B-00C04F79EFBC}") = "Lectures", "Lectures\Lectures.csproj", "{559AF87B-8815-4291-857A-7E3BDEB95CCD}"
EndProject
Project("{FAE04EC0-301F-11D3-BF4B-00C04F79EFBC}") = "Materials", "Materials\Materials.csproj", "{AE0AF681-B383-4969-87C5-DCB8AA79AD91}"
EndProject
Project("{FAE04EC0-301F-11D3-BF4B-00C04F79EFBC}") = "Sessions", "Sessions\Sessions.csproj", "{BA4DC82F-BD90-48DC-928E-3067BFC61949}"
EndProject
Project("{FAE04EC0-301F-11D3-BF4B-00C04F79EFBC}") = "Users", "Users\Users.csproj", "{268E5DCF-BCA9-483B-853C-334C8E2C55F6}"
EndProject
Project("{FAE04EC0-301F-11D3-BF4B-00C04F79EFBC}") = "CacheServices", "CacheServices\CacheServices.csproj", "{4D8A9221-2651-432A-8776-662A7DC0548B}"
EndProject
Project("{FAE04EC0-301F-11D3-BF4B-00C04F79EFBC}") = "AssignmentSubmissions", "AssignmentSubmissions\AssignmentSubmissions.csproj", "{8D5D1856-4BAE-4B65-AC80-3CF62DB45DD8}"
EndProject
Project("{FAE04EC0-301F-11D3-BF4B-00C04F79EFBC}") = "Notes", "Notes\Notes.csproj", "{70FFDDB1-1EBD-4054-948D-C0DE16ACE204}"
EndProject
Project("{FAE04EC0-301F-11D3-BF4B-00C04F79EFBC}") = "Todos", "Todos\Todos.csproj", "{5D7AEC1F-C844-4A0D-AB1A-AD21474025BB}"
EndProject
Global
	GlobalSection(SolutionConfigurationPlatforms) = preSolution
		Debug|Any CPU = Debug|Any CPU
		Release|Any CPU = Release|Any CPU
	EndGlobalSection
	GlobalSection(ProjectConfigurationPlatforms) = postSolution
		{D8ED68F8-2217-45B4-A6A7-743EC8EB764B}.Debug|Any CPU.ActiveCfg = Debug|Any CPU
		{D8ED68F8-2217-45B4-A6A7-743EC8EB764B}.Debug|Any CPU.Build.0 = Debug|Any CPU
		{D8ED68F8-2217-45B4-A6A7-743EC8EB764B}.Release|Any CPU.ActiveCfg = Release|Any CPU
		{D8ED68F8-2217-45B4-A6A7-743EC8EB764B}.Release|Any CPU.Build.0 = Release|Any CPU
		{B3737640-A88D-4297-A259-811E74C8C49D}.Debug|Any CPU.ActiveCfg = Debug|Any CPU
		{B3737640-A88D-4297-A259-811E74C8C49D}.Debug|Any CPU.Build.0 = Debug|Any CPU
		{B3737640-A88D-4297-A259-811E74C8C49D}.Release|Any CPU.ActiveCfg = Release|Any CPU
		{B3737640-A88D-4297-A259-811E74C8C49D}.Release|Any CPU.Build.0 = Release|Any CPU
		{08787413-DC39-4573-A0A8-07790316D82C}.Debug|Any CPU.ActiveCfg = Debug|Any CPU
		{08787413-DC39-4573-A0A8-07790316D82C}.Debug|Any CPU.Build.0 = Debug|Any CPU
		{08787413-DC39-4573-A0A8-07790316D82C}.Release|Any CPU.ActiveCfg = Release|Any CPU
		{08787413-DC39-4573-A0A8-07790316D82C}.Release|Any CPU.Build.0 = Release|Any CPU
		{01F1A3B4-5A96-4C22-A0C7-0554EA4C8942}.Debug|Any CPU.ActiveCfg = Debug|Any CPU
		{01F1A3B4-5A96-4C22-A0C7-0554EA4C8942}.Debug|Any CPU.Build.0 = Debug|Any CPU
		{01F1A3B4-5A96-4C22-A0C7-0554EA4C8942}.Release|Any CPU.ActiveCfg = Release|Any CPU
		{01F1A3B4-5A96-4C22-A0C7-0554EA4C8942}.Release|Any CPU.Build.0 = Release|Any CPU
		{73C7AFA7-D359-409A-B785-A37BB7AE823A}.Debug|Any CPU.ActiveCfg = Debug|Any CPU
		{73C7AFA7-D359-409A-B785-A37BB7AE823A}.Debug|Any CPU.Build.0 = Debug|Any CPU
		{73C7AFA7-D359-409A-B785-A37BB7AE823A}.Release|Any CPU.ActiveCfg = Release|Any CPU
		{73C7AFA7-D359-409A-B785-A37BB7AE823A}.Release|Any CPU.Build.0 = Release|Any CPU
		{4E5E8A55-163C-4AB3-A25B-D4EA9B28C5E8}.Debug|Any CPU.ActiveCfg = Debug|Any CPU
		{4E5E8A55-163C-4AB3-A25B-D4EA9B28C5E8}.Debug|Any CPU.Build.0 = Debug|Any CPU
		{4E5E8A55-163C-4AB3-A25B-D4EA9B28C5E8}.Release|Any CPU.ActiveCfg = Release|Any CPU
		{4E5E8A55-163C-4AB3-A25B-D4EA9B28C5E8}.Release|Any CPU.Build.0 = Release|Any CPU
		{44028B58-8F73-47B0-926B-1C5E6B3D93C8}.Debug|Any CPU.ActiveCfg = Debug|Any CPU
		{44028B58-8F73-47B0-926B-1C5E6B3D93C8}.Debug|Any CPU.Build.0 = Debug|Any CPU
		{44028B58-8F73-47B0-926B-1C5E6B3D93C8}.Release|Any CPU.ActiveCfg = Release|Any CPU
		{44028B58-8F73-47B0-926B-1C5E6B3D93C8}.Release|Any CPU.Build.0 = Release|Any CPU
		{89E1AE5C-46FA-47BF-A015-F07C9024186A}.Debug|Any CPU.ActiveCfg = Debug|Any CPU
		{89E1AE5C-46FA-47BF-A015-F07C9024186A}.Debug|Any CPU.Build.0 = Debug|Any CPU
		{89E1AE5C-46FA-47BF-A015-F07C9024186A}.Release|Any CPU.ActiveCfg = Release|Any CPU
		{89E1AE5C-46FA-47BF-A015-F07C9024186A}.Release|Any CPU.Build.0 = Release|Any CPU
		{8B5704B9-BD4A-466F-984D-4785F85A885F}.Debug|Any CPU.ActiveCfg = Debug|Any CPU
		{8B5704B9-BD4A-466F-984D-4785F85A885F}.Debug|Any CPU.Build.0 = Debug|Any CPU
		{8B5704B9-BD4A-466F-984D-4785F85A885F}.Release|Any CPU.ActiveCfg = Release|Any CPU
		{8B5704B9-BD4A-466F-984D-4785F85A885F}.Release|Any CPU.Build.0 = Release|Any CPU
		{559AF87B-8815-4291-857A-7E3BDEB95CCD}.Debug|Any CPU.ActiveCfg = Debug|Any CPU
		{559AF87B-8815-4291-857A-7E3BDEB95CCD}.Debug|Any CPU.Build.0 = Debug|Any CPU
		{559AF87B-8815-4291-857A-7E3BDEB95CCD}.Release|Any CPU.ActiveCfg = Release|Any CPU
		{559AF87B-8815-4291-857A-7E3BDEB95CCD}.Release|Any CPU.Build.0 = Release|Any CPU
		{AE0AF681-B383-4969-87C5-DCB8AA79AD91}.Debug|Any CPU.ActiveCfg = Debug|Any CPU
		{AE0AF681-B383-4969-87C5-DCB8AA79AD91}.Debug|Any CPU.Build.0 = Debug|Any CPU
		{AE0AF681-B383-4969-87C5-DCB8AA79AD91}.Release|Any CPU.ActiveCfg = Release|Any CPU
		{AE0AF681-B383-4969-87C5-DCB8AA79AD91}.Release|Any CPU.Build.0 = Release|Any CPU
		{BA4DC82F-BD90-48DC-928E-3067BFC61949}.Debug|Any CPU.ActiveCfg = Debug|Any CPU
		{BA4DC82F-BD90-48DC-928E-3067BFC61949}.Debug|Any CPU.Build.0 = Debug|Any CPU
		{BA4DC82F-BD90-48DC-928E-3067BFC61949}.Release|Any CPU.ActiveCfg = Release|Any CPU
		{BA4DC82F-BD90-48DC-928E-3067BFC61949}.Release|Any CPU.Build.0 = Release|Any CPU
		{268E5DCF-BCA9-483B-853C-334C8E2C55F6}.Debug|Any CPU.ActiveCfg = Debug|Any CPU
		{268E5DCF-BCA9-483B-853C-334C8E2C55F6}.Debug|Any CPU.Build.0 = Debug|Any CPU
		{268E5DCF-BCA9-483B-853C-334C8E2C55F6}.Release|Any CPU.ActiveCfg = Release|Any CPU
		{268E5DCF-BCA9-483B-853C-334C8E2C55F6}.Release|Any CPU.Build.0 = Release|Any CPU
		{4D8A9221-2651-432A-8776-662A7DC0548B}.Debug|Any CPU.ActiveCfg = Debug|Any CPU
		{4D8A9221-2651-432A-8776-662A7DC0548B}.Debug|Any CPU.Build.0 = Debug|Any CPU
		{4D8A9221-2651-432A-8776-662A7DC0548B}.Release|Any CPU.ActiveCfg = Release|Any CPU
		{4D8A9221-2651-432A-8776-662A7DC0548B}.Release|Any CPU.Build.0 = Release|Any CPU
		{8D5D1856-4BAE-4B65-AC80-3CF62DB45DD8}.Debug|Any CPU.ActiveCfg = Debug|Any CPU
		{8D5D1856-4BAE-4B65-AC80-3CF62DB45DD8}.Debug|Any CPU.Build.0 = Debug|Any CPU
		{8D5D1856-4BAE-4B65-AC80-3CF62DB45DD8}.Release|Any CPU.ActiveCfg = Release|Any CPU
		{8D5D1856-4BAE-4B65-AC80-3CF62DB45DD8}.Release|Any CPU.Build.0 = Release|Any CPU
		{70FFDDB1-1EBD-4054-948D-C0DE16ACE204}.Debug|Any CPU.ActiveCfg = Debug|Any CPU
		{70FFDDB1-1EBD-4054-948D-C0DE16ACE204}.Debug|Any CPU.Build.0 = Debug|Any CPU
		{70FFDDB1-1EBD-4054-948D-C0DE16ACE204}.Release|Any CPU.ActiveCfg = Release|Any CPU
		{70FFDDB1-1EBD-4054-948D-C0DE16ACE204}.Release|Any CPU.Build.0 = Release|Any CPU
		{5D7AEC1F-C844-4A0D-AB1A-AD21474025BB}.Debug|Any CPU.ActiveCfg = Debug|Any CPU
		{5D7AEC1F-C844-4A0D-AB1A-AD21474025BB}.Debug|Any CPU.Build.0 = Debug|Any CPU
		{5D7AEC1F-C844-4A0D-AB1A-AD21474025BB}.Release|Any CPU.ActiveCfg = Release|Any CPU
		{5D7AEC1F-C844-4A0D-AB1A-AD21474025BB}.Release|Any CPU.Build.0 = Release|Any CPU
	EndGlobalSection
	GlobalSection(SolutionProperties) = preSolution
		HideSolutionNode = FALSE
	EndGlobalSection
	GlobalSection(ExtensibilityGlobals) = postSolution
		SolutionGuid = {62155182-E670-44F0-B350-AD2DD6C815BC}
	EndGlobalSection
EndGlobal
