
Microsoft Visual Studio Solution File, Format Version 12.00
# Visual Studio Version 17
VisualStudioVersion = 17.10.35027.167
MinimumVisualStudioVersion = 10.0.40219.1
Project("{9A19103F-16F7-4668-BE54-9A1E7A4F7556}") = "Students", "src\Domains\Students\Students\Students.csproj", "{01F1A3B4-5A96-4C22-A0C7-0554EA4C8942}"
EndProject
Project("{9A19103F-16F7-4668-BE54-9A1E7A4F7556}") = "Tutors", "src\Domains\Tutors\Tutors\Tutors.csproj", "{73C7AFA7-D359-409A-B785-A37BB7AE823A}"
EndProject
Project("{9A19103F-16F7-4668-BE54-9A1E7A4F7556}") = "Admins", "src\Domains\Admins\Admins\Admins.csproj", "{4E5E8A55-163C-4AB3-A25B-D4EA9B28C5E8}"
EndProject
Project("{9A19103F-16F7-4668-BE54-9A1E7A4F7556}") = "Assignments", "src\Domains\Assignments\Assignments\Assignments.csproj", "{44028B58-8F73-47B0-926B-1C5E6B3D93C8}"
EndProject
Project("{9A19103F-16F7-4668-BE54-9A1E7A4F7556}") = "Shared", "src\Shared\Shared\Shared.csproj", "{89E1AE5C-46FA-47BF-A015-F07C9024186A}"
EndProject
Project("{9A19103F-16F7-4668-BE54-9A1E7A4F7556}") = "Courses", "src\Domains\Courses\Courses\Courses.csproj", "{8B5704B9-BD4A-466F-984D-4785F85A885F}"
EndProject
Project("{9A19103F-16F7-4668-BE54-9A1E7A4F7556}") = "Lectures", "src\Domains\Lectures\Lectures\Lectures.csproj", "{559AF87B-8815-4291-857A-7E3BDEB95CCD}"
EndProject
Project("{9A19103F-16F7-4668-BE54-9A1E7A4F7556}") = "Materials", "src\Underdev\Materials\Materials.csproj", "{AE0AF681-B383-4969-87C5-DCB8AA79AD91}"
EndProject
Project("{9A19103F-16F7-4668-BE54-9A1E7A4F7556}") = "Cache", "src\Services\CacheServices\Cache.csproj", "{4D8A9221-2651-432A-8776-662A7DC0548B}"
EndProject
Project("{9A19103F-16F7-4668-BE54-9A1E7A4F7556}") = "AssignmentSubmissions", "src\Underdev\AssignmentSubmissions\AssignmentSubmissions.csproj", "{8D5D1856-4BAE-4B65-AC80-3CF62DB45DD8}"
EndProject
Project("{9A19103F-16F7-4668-BE54-9A1E7A4F7556}") = "Notes", "src\Underdev\Notes\Notes.csproj", "{70FFDDB1-1EBD-4054-948D-C0DE16ACE204}"
EndProject
Project("{9A19103F-16F7-4668-BE54-9A1E7A4F7556}") = "Todos", "src\Underdev\Todos\Todos.csproj", "{5D7AEC1F-C844-4A0D-AB1A-AD21474025BB}"
EndProject
Project("{2150E333-8FDC-42A3-9474-1A3956D46DE8}") = "Underdev", "Underdev", "{D25AD19E-7A9D-41E2-9E79-2289BD91C050}"
EndProject
Project("{2150E333-8FDC-42A3-9474-1A3956D46DE8}") = "Domains", "Domains", "{0A197B18-17A3-44C0-9CDC-04A5AD3DEBCE}"
EndProject
Project("{9A19103F-16F7-4668-BE54-9A1E7A4F7556}") = "StudentsAffairsWASM.Auto", "src\StudentsAffairsWASM.Auto\StudentsAffairsWASM.Auto\StudentsAffairsWASM.Auto.csproj", "{2B7C2883-D108-4745-9F84-9A643B551EA9}"
EndProject
Project("{9A19103F-16F7-4668-BE54-9A1E7A4F7556}") = "StudentsAffairsWASM.Auto.Client", "src\StudentsAffairsWASM.Auto\StudentsAffairsWASM.Auto.Client\StudentsAffairsWASM.Auto.Client.csproj", "{590ADB26-E1E8-425F-A4B7-36E0494753A4}"
EndProject
Project("{2150E333-8FDC-42A3-9474-1A3956D46DE8}") = "Admins", "Admins", "{73B83385-CC39-4582-94EC-DBFDB8361F2B}"
EndProject
Project("{2150E333-8FDC-42A3-9474-1A3956D46DE8}") = "Students", "Students", "{CA664B57-8CFC-4258-A730-AECD5316E271}"
EndProject
Project("{2150E333-8FDC-42A3-9474-1A3956D46DE8}") = "Lectures", "Lectures", "{47912200-822C-420A-BCB6-43E7DC69D6D2}"
EndProject
Project("{2150E333-8FDC-42A3-9474-1A3956D46DE8}") = "Courses", "Courses", "{4E3C91E7-D28B-4B32-86D5-C5F824E992DB}"
EndProject
Project("{2150E333-8FDC-42A3-9474-1A3956D46DE8}") = "Tutors", "Tutors", "{28E878C2-0572-4A74-810E-51BEA77331E1}"
EndProject
Project("{2150E333-8FDC-42A3-9474-1A3956D46DE8}") = "Assignments", "Assignments", "{4124FDF3-041E-46D0-A8CD-05C9EC60E58F}"
EndProject
Project("{2150E333-8FDC-42A3-9474-1A3956D46DE8}") = "Services", "Services", "{C413031E-D373-420E-BAA0-1660F5F0BDFC}"
EndProject
Project("{9A19103F-16F7-4668-BE54-9A1E7A4F7556}") = "Admins.Client", "src\Domains\Admins\Admins.Client\Admins.Client.csproj", "{F3EAC0DA-56DD-4CCE-A28F-42328B214893}"
EndProject
Project("{9A19103F-16F7-4668-BE54-9A1E7A4F7556}") = "Assignments.Client", "src\Domains\Assignments\Assignments.Client\Assignments.Client.csproj", "{28A36C29-B463-4AF2-A053-0F4F5446AA40}"
EndProject
Project("{9A19103F-16F7-4668-BE54-9A1E7A4F7556}") = "Courses.Client", "src\Domains\Courses\Courses.Client\Courses.Client.csproj", "{1B8D7B90-932E-4CB9-B16B-31C24A0800E3}"
EndProject
Project("{9A19103F-16F7-4668-BE54-9A1E7A4F7556}") = "Lectures.Client", "src\Domains\Lectures\Lectures.Client\Lectures.Client.csproj", "{28B172E7-AEF6-4E3D-94D7-F9578185ADB7}"
EndProject
Project("{9A19103F-16F7-4668-BE54-9A1E7A4F7556}") = "Students.Client", "src\Domains\Students\Students.Client\Students.Client.csproj", "{263DBFF8-07F2-4106-9847-B53AF7F4F728}"
EndProject
Project("{9A19103F-16F7-4668-BE54-9A1E7A4F7556}") = "Tutors.Client", "src\Domains\Tutors\Tutors.Client\Tutors.Client.csproj", "{D64E9920-786B-4580-A9C1-912E763A0C05}"
EndProject
Project("{2150E333-8FDC-42A3-9474-1A3956D46DE8}") = "Shared", "Shared", "{B0315A02-FE13-451E-98C9-E7AB36633533}"
EndProject
Project("{9A19103F-16F7-4668-BE54-9A1E7A4F7556}") = "Shared.Client", "src\Shared\Shared.Client\Shared.Client.csproj", "{717D3A97-1C5B-4ECF-87A5-D35D986CF9BF}"
EndProject
Project("{9A19103F-16F7-4668-BE54-9A1E7A4F7556}") = "SessionStorage", "src\Services\Sessions\SessionStorage.csproj", "{28706FC9-3837-43ED-8720-90E7469F67C3}"
EndProject
Global
	GlobalSection(SolutionConfigurationPlatforms) = preSolution
		Debug|Any CPU = Debug|Any CPU
		Release|Any CPU = Release|Any CPU
	EndGlobalSection
	GlobalSection(ProjectConfigurationPlatforms) = postSolution
		{01F1A3B4-5A96-4C22-A0C7-0554EA4C8942}.Debug|Any CPU.ActiveCfg = Debug|Any CPU
		{01F1A3B4-5A96-4C22-A0C7-0554EA4C8942}.Debug|Any CPU.Build.0 = Debug|Any CPU
		{01F1A3B4-5A96-4C22-A0C7-0554EA4C8942}.Release|Any CPU.ActiveCfg = Release|Any CPU
		{01F1A3B4-5A96-4C22-A0C7-0554EA4C8942}.Release|Any CPU.Build.0 = Release|Any CPU
		{73C7AFA7-D359-409A-B785-A37BB7AE823A}.Debug|Any CPU.ActiveCfg = Debug|Any CPU
		{73C7AFA7-D359-409A-B785-A37BB7AE823A}.Debug|Any CPU.Build.0 = Debug|Any CPU
		{73C7AFA7-D359-409A-B785-A37BB7AE823A}.Release|Any CPU.ActiveCfg = Release|Any CPU
		{73C7AFA7-D359-409A-B785-A37BB7AE823A}.Release|Any CPU.Build.0 = Release|Any CPU
		{4E5E8A55-163C-4AB3-A25B-D4EA9B28C5E8}.Debug|Any CPU.ActiveCfg = Debug|Any CPU
		{4E5E8A55-163C-4AB3-A25B-D4EA9B28C5E8}.Debug|Any CPU.Build.0 = Debug|Any CPU
		{4E5E8A55-163C-4AB3-A25B-D4EA9B28C5E8}.Release|Any CPU.ActiveCfg = Release|Any CPU
		{4E5E8A55-163C-4AB3-A25B-D4EA9B28C5E8}.Release|Any CPU.Build.0 = Release|Any CPU
		{44028B58-8F73-47B0-926B-1C5E6B3D93C8}.Debug|Any CPU.ActiveCfg = Debug|Any CPU
		{44028B58-8F73-47B0-926B-1C5E6B3D93C8}.Debug|Any CPU.Build.0 = Debug|Any CPU
		{44028B58-8F73-47B0-926B-1C5E6B3D93C8}.Release|Any CPU.ActiveCfg = Release|Any CPU
		{44028B58-8F73-47B0-926B-1C5E6B3D93C8}.Release|Any CPU.Build.0 = Release|Any CPU
		{89E1AE5C-46FA-47BF-A015-F07C9024186A}.Debug|Any CPU.ActiveCfg = Debug|Any CPU
		{89E1AE5C-46FA-47BF-A015-F07C9024186A}.Debug|Any CPU.Build.0 = Debug|Any CPU
		{89E1AE5C-46FA-47BF-A015-F07C9024186A}.Release|Any CPU.ActiveCfg = Release|Any CPU
		{89E1AE5C-46FA-47BF-A015-F07C9024186A}.Release|Any CPU.Build.0 = Release|Any CPU
		{8B5704B9-BD4A-466F-984D-4785F85A885F}.Debug|Any CPU.ActiveCfg = Debug|Any CPU
		{8B5704B9-BD4A-466F-984D-4785F85A885F}.Debug|Any CPU.Build.0 = Debug|Any CPU
		{8B5704B9-BD4A-466F-984D-4785F85A885F}.Release|Any CPU.ActiveCfg = Release|Any CPU
		{8B5704B9-BD4A-466F-984D-4785F85A885F}.Release|Any CPU.Build.0 = Release|Any CPU
		{559AF87B-8815-4291-857A-7E3BDEB95CCD}.Debug|Any CPU.ActiveCfg = Debug|Any CPU
		{559AF87B-8815-4291-857A-7E3BDEB95CCD}.Debug|Any CPU.Build.0 = Debug|Any CPU
		{559AF87B-8815-4291-857A-7E3BDEB95CCD}.Release|Any CPU.ActiveCfg = Release|Any CPU
		{559AF87B-8815-4291-857A-7E3BDEB95CCD}.Release|Any CPU.Build.0 = Release|Any CPU
		{AE0AF681-B383-4969-87C5-DCB8AA79AD91}.Debug|Any CPU.ActiveCfg = Debug|Any CPU
		{AE0AF681-B383-4969-87C5-DCB8AA79AD91}.Debug|Any CPU.Build.0 = Debug|Any CPU
		{AE0AF681-B383-4969-87C5-DCB8AA79AD91}.Release|Any CPU.ActiveCfg = Release|Any CPU
		{AE0AF681-B383-4969-87C5-DCB8AA79AD91}.Release|Any CPU.Build.0 = Release|Any CPU
		{4D8A9221-2651-432A-8776-662A7DC0548B}.Debug|Any CPU.ActiveCfg = Debug|Any CPU
		{4D8A9221-2651-432A-8776-662A7DC0548B}.Debug|Any CPU.Build.0 = Debug|Any CPU
		{4D8A9221-2651-432A-8776-662A7DC0548B}.Release|Any CPU.ActiveCfg = Release|Any CPU
		{4D8A9221-2651-432A-8776-662A7DC0548B}.Release|Any CPU.Build.0 = Release|Any CPU
		{8D5D1856-4BAE-4B65-AC80-3CF62DB45DD8}.Debug|Any CPU.ActiveCfg = Debug|Any CPU
		{8D5D1856-4BAE-4B65-AC80-3CF62DB45DD8}.Debug|Any CPU.Build.0 = Debug|Any CPU
		{8D5D1856-4BAE-4B65-AC80-3CF62DB45DD8}.Release|Any CPU.ActiveCfg = Release|Any CPU
		{8D5D1856-4BAE-4B65-AC80-3CF62DB45DD8}.Release|Any CPU.Build.0 = Release|Any CPU
		{70FFDDB1-1EBD-4054-948D-C0DE16ACE204}.Debug|Any CPU.ActiveCfg = Debug|Any CPU
		{70FFDDB1-1EBD-4054-948D-C0DE16ACE204}.Debug|Any CPU.Build.0 = Debug|Any CPU
		{70FFDDB1-1EBD-4054-948D-C0DE16ACE204}.Release|Any CPU.ActiveCfg = Release|Any CPU
		{70FFDDB1-1EBD-4054-948D-C0DE16ACE204}.Release|Any CPU.Build.0 = Release|Any CPU
		{5D7AEC1F-C844-4A0D-AB1A-AD21474025BB}.Debug|Any CPU.ActiveCfg = Debug|Any CPU
		{5D7AEC1F-C844-4A0D-AB1A-AD21474025BB}.Debug|Any CPU.Build.0 = Debug|Any CPU
		{5D7AEC1F-C844-4A0D-AB1A-AD21474025BB}.Release|Any CPU.ActiveCfg = Release|Any CPU
		{5D7AEC1F-C844-4A0D-AB1A-AD21474025BB}.Release|Any CPU.Build.0 = Release|Any CPU
		{2B7C2883-D108-4745-9F84-9A643B551EA9}.Debug|Any CPU.ActiveCfg = Debug|Any CPU
		{2B7C2883-D108-4745-9F84-9A643B551EA9}.Debug|Any CPU.Build.0 = Debug|Any CPU
		{2B7C2883-D108-4745-9F84-9A643B551EA9}.Release|Any CPU.ActiveCfg = Release|Any CPU
		{2B7C2883-D108-4745-9F84-9A643B551EA9}.Release|Any CPU.Build.0 = Release|Any CPU
		{590ADB26-E1E8-425F-A4B7-36E0494753A4}.Debug|Any CPU.ActiveCfg = Debug|Any CPU
		{590ADB26-E1E8-425F-A4B7-36E0494753A4}.Debug|Any CPU.Build.0 = Debug|Any CPU
		{590ADB26-E1E8-425F-A4B7-36E0494753A4}.Release|Any CPU.ActiveCfg = Release|Any CPU
		{590ADB26-E1E8-425F-A4B7-36E0494753A4}.Release|Any CPU.Build.0 = Release|Any CPU
		{F3EAC0DA-56DD-4CCE-A28F-42328B214893}.Debug|Any CPU.ActiveCfg = Debug|Any CPU
		{F3EAC0DA-56DD-4CCE-A28F-42328B214893}.Debug|Any CPU.Build.0 = Debug|Any CPU
		{F3EAC0DA-56DD-4CCE-A28F-42328B214893}.Release|Any CPU.ActiveCfg = Release|Any CPU
		{F3EAC0DA-56DD-4CCE-A28F-42328B214893}.Release|Any CPU.Build.0 = Release|Any CPU
		{28A36C29-B463-4AF2-A053-0F4F5446AA40}.Debug|Any CPU.ActiveCfg = Debug|Any CPU
		{28A36C29-B463-4AF2-A053-0F4F5446AA40}.Debug|Any CPU.Build.0 = Debug|Any CPU
		{28A36C29-B463-4AF2-A053-0F4F5446AA40}.Release|Any CPU.ActiveCfg = Release|Any CPU
		{28A36C29-B463-4AF2-A053-0F4F5446AA40}.Release|Any CPU.Build.0 = Release|Any CPU
		{1B8D7B90-932E-4CB9-B16B-31C24A0800E3}.Debug|Any CPU.ActiveCfg = Debug|Any CPU
		{1B8D7B90-932E-4CB9-B16B-31C24A0800E3}.Debug|Any CPU.Build.0 = Debug|Any CPU
		{1B8D7B90-932E-4CB9-B16B-31C24A0800E3}.Release|Any CPU.ActiveCfg = Release|Any CPU
		{1B8D7B90-932E-4CB9-B16B-31C24A0800E3}.Release|Any CPU.Build.0 = Release|Any CPU
		{28B172E7-AEF6-4E3D-94D7-F9578185ADB7}.Debug|Any CPU.ActiveCfg = Debug|Any CPU
		{28B172E7-AEF6-4E3D-94D7-F9578185ADB7}.Debug|Any CPU.Build.0 = Debug|Any CPU
		{28B172E7-AEF6-4E3D-94D7-F9578185ADB7}.Release|Any CPU.ActiveCfg = Release|Any CPU
		{28B172E7-AEF6-4E3D-94D7-F9578185ADB7}.Release|Any CPU.Build.0 = Release|Any CPU
		{263DBFF8-07F2-4106-9847-B53AF7F4F728}.Debug|Any CPU.ActiveCfg = Debug|Any CPU
		{263DBFF8-07F2-4106-9847-B53AF7F4F728}.Debug|Any CPU.Build.0 = Debug|Any CPU
		{263DBFF8-07F2-4106-9847-B53AF7F4F728}.Release|Any CPU.ActiveCfg = Release|Any CPU
		{263DBFF8-07F2-4106-9847-B53AF7F4F728}.Release|Any CPU.Build.0 = Release|Any CPU
		{D64E9920-786B-4580-A9C1-912E763A0C05}.Debug|Any CPU.ActiveCfg = Debug|Any CPU
		{D64E9920-786B-4580-A9C1-912E763A0C05}.Debug|Any CPU.Build.0 = Debug|Any CPU
		{D64E9920-786B-4580-A9C1-912E763A0C05}.Release|Any CPU.ActiveCfg = Release|Any CPU
		{D64E9920-786B-4580-A9C1-912E763A0C05}.Release|Any CPU.Build.0 = Release|Any CPU
		{717D3A97-1C5B-4ECF-87A5-D35D986CF9BF}.Debug|Any CPU.ActiveCfg = Debug|Any CPU
		{717D3A97-1C5B-4ECF-87A5-D35D986CF9BF}.Debug|Any CPU.Build.0 = Debug|Any CPU
		{717D3A97-1C5B-4ECF-87A5-D35D986CF9BF}.Release|Any CPU.ActiveCfg = Release|Any CPU
		{717D3A97-1C5B-4ECF-87A5-D35D986CF9BF}.Release|Any CPU.Build.0 = Release|Any CPU
		{28706FC9-3837-43ED-8720-90E7469F67C3}.Debug|Any CPU.ActiveCfg = Debug|Any CPU
		{28706FC9-3837-43ED-8720-90E7469F67C3}.Debug|Any CPU.Build.0 = Debug|Any CPU
		{28706FC9-3837-43ED-8720-90E7469F67C3}.Release|Any CPU.ActiveCfg = Release|Any CPU
		{28706FC9-3837-43ED-8720-90E7469F67C3}.Release|Any CPU.Build.0 = Release|Any CPU
	EndGlobalSection
	GlobalSection(SolutionProperties) = preSolution
		HideSolutionNode = FALSE
	EndGlobalSection
	GlobalSection(NestedProjects) = preSolution
		{01F1A3B4-5A96-4C22-A0C7-0554EA4C8942} = {CA664B57-8CFC-4258-A730-AECD5316E271}
		{73C7AFA7-D359-409A-B785-A37BB7AE823A} = {28E878C2-0572-4A74-810E-51BEA77331E1}
		{4E5E8A55-163C-4AB3-A25B-D4EA9B28C5E8} = {73B83385-CC39-4582-94EC-DBFDB8361F2B}
		{44028B58-8F73-47B0-926B-1C5E6B3D93C8} = {4124FDF3-041E-46D0-A8CD-05C9EC60E58F}
		{89E1AE5C-46FA-47BF-A015-F07C9024186A} = {B0315A02-FE13-451E-98C9-E7AB36633533}
		{8B5704B9-BD4A-466F-984D-4785F85A885F} = {4E3C91E7-D28B-4B32-86D5-C5F824E992DB}
		{559AF87B-8815-4291-857A-7E3BDEB95CCD} = {47912200-822C-420A-BCB6-43E7DC69D6D2}
		{AE0AF681-B383-4969-87C5-DCB8AA79AD91} = {D25AD19E-7A9D-41E2-9E79-2289BD91C050}
		{4D8A9221-2651-432A-8776-662A7DC0548B} = {C413031E-D373-420E-BAA0-1660F5F0BDFC}
		{8D5D1856-4BAE-4B65-AC80-3CF62DB45DD8} = {D25AD19E-7A9D-41E2-9E79-2289BD91C050}
		{70FFDDB1-1EBD-4054-948D-C0DE16ACE204} = {D25AD19E-7A9D-41E2-9E79-2289BD91C050}
		{5D7AEC1F-C844-4A0D-AB1A-AD21474025BB} = {D25AD19E-7A9D-41E2-9E79-2289BD91C050}
		{73B83385-CC39-4582-94EC-DBFDB8361F2B} = {0A197B18-17A3-44C0-9CDC-04A5AD3DEBCE}
		{CA664B57-8CFC-4258-A730-AECD5316E271} = {0A197B18-17A3-44C0-9CDC-04A5AD3DEBCE}
		{47912200-822C-420A-BCB6-43E7DC69D6D2} = {0A197B18-17A3-44C0-9CDC-04A5AD3DEBCE}
		{4E3C91E7-D28B-4B32-86D5-C5F824E992DB} = {0A197B18-17A3-44C0-9CDC-04A5AD3DEBCE}
		{28E878C2-0572-4A74-810E-51BEA77331E1} = {0A197B18-17A3-44C0-9CDC-04A5AD3DEBCE}
		{4124FDF3-041E-46D0-A8CD-05C9EC60E58F} = {0A197B18-17A3-44C0-9CDC-04A5AD3DEBCE}
		{F3EAC0DA-56DD-4CCE-A28F-42328B214893} = {73B83385-CC39-4582-94EC-DBFDB8361F2B}
		{28A36C29-B463-4AF2-A053-0F4F5446AA40} = {4124FDF3-041E-46D0-A8CD-05C9EC60E58F}
		{1B8D7B90-932E-4CB9-B16B-31C24A0800E3} = {4E3C91E7-D28B-4B32-86D5-C5F824E992DB}
		{28B172E7-AEF6-4E3D-94D7-F9578185ADB7} = {47912200-822C-420A-BCB6-43E7DC69D6D2}
		{263DBFF8-07F2-4106-9847-B53AF7F4F728} = {CA664B57-8CFC-4258-A730-AECD5316E271}
		{D64E9920-786B-4580-A9C1-912E763A0C05} = {28E878C2-0572-4A74-810E-51BEA77331E1}
		{717D3A97-1C5B-4ECF-87A5-D35D986CF9BF} = {B0315A02-FE13-451E-98C9-E7AB36633533}
		{28706FC9-3837-43ED-8720-90E7469F67C3} = {C413031E-D373-420E-BAA0-1660F5F0BDFC}
	EndGlobalSection
	GlobalSection(ExtensibilityGlobals) = postSolution
		SolutionGuid = {62155182-E670-44F0-B350-AD2DD6C815BC}
	EndGlobalSection
EndGlobal
